
Microsoft Visual Studio Solution File, Format Version 12.00
# Visual Studio Version 16
VisualStudioVersion = 16.0.29503.13
MinimumVisualStudioVersion = 10.0.40219.1
Project("{FAE04EC0-301F-11D3-BF4B-00C04F79EFBC}") = "TicTacToe", "TicTacToe\TicTacToe.csproj", "{1CAE5E06-404E-4680-A52D-5EFFEE0B314E}"
EndProject
Project("{FAE04EC0-301F-11D3-BF4B-00C04F79EFBC}") = "TicTacToe.Tests", "TicTacToe.Tests\TicTacToe.Tests.csproj", "{F7999601-86C5-4A19-9EFF-F96486CB3DA5}"
EndProject
Global
	GlobalSection(SolutionConfigurationPlatforms) = preSolution
		Debug|Any CPU = Debug|Any CPU
		Release|Any CPU = Release|Any CPU
	EndGlobalSection
	GlobalSection(ProjectConfigurationPlatforms) = postSolution
		{1CAE5E06-404E-4680-A52D-5EFFEE0B314E}.Debug|Any CPU.ActiveCfg = Debug|Any CPU
		{1CAE5E06-404E-4680-A52D-5EFFEE0B314E}.Debug|Any CPU.Build.0 = Debug|Any CPU
		{1CAE5E06-404E-4680-A52D-5EFFEE0B314E}.Release|Any CPU.ActiveCfg = Release|Any CPU
		{1CAE5E06-404E-4680-A52D-5EFFEE0B314E}.Release|Any CPU.Build.0 = Release|Any CPU
		{F7999601-86C5-4A19-9EFF-F96486CB3DA5}.Debug|Any CPU.ActiveCfg = Debug|Any CPU
		{F7999601-86C5-4A19-9EFF-F96486CB3DA5}.Debug|Any CPU.Build.0 = Debug|Any CPU
		{F7999601-86C5-4A19-9EFF-F96486CB3DA5}.Release|Any CPU.ActiveCfg = Release|Any CPU
		{F7999601-86C5-4A19-9EFF-F96486CB3DA5}.Release|Any CPU.Build.0 = Release|Any CPU
	EndGlobalSection
	GlobalSection(SolutionProperties) = preSolution
		HideSolutionNode = FALSE
	EndGlobalSection
	GlobalSection(ExtensibilityGlobals) = postSolution
		SolutionGuid = {6D12FD9B-9C7C-48F4-B0E2-158BE8968B18}
	EndGlobalSection
EndGlobal
